
Microsoft Visual Studio Solution File, Format Version 12.00
# Visual Studio 15
VisualStudioVersion = 15.0.27703.2026
MinimumVisualStudioVersion = 10.0.40219.1
Project("{8BC9CEB8-8B4A-11D0-8D11-00A0C91BC942}") = "DirectXGame", "DirectXGame\DirectXGame.vcxproj", "{50E3E748-D6ED-4A34-82AE-F203302A928F}"
EndProject
Project("{8BC9CEB8-8B4A-11D0-8D11-00A0C91BC942}") = "DirectXCore", "DirectXCore\DirectXCore.vcxproj", "{F4EF043E-507B-464D-BC4D-CF882E0F4DFF}"
EndProject
Global
	GlobalSection(SolutionConfigurationPlatforms) = preSolution
		Debug|x64 = Debug|x64
		Debug|x86 = Debug|x86
		Release|x64 = Release|x64
		Release|x86 = Release|x86
	EndGlobalSection
	GlobalSection(ProjectConfigurationPlatforms) = postSolution
		{50E3E748-D6ED-4A34-82AE-F203302A928F}.Debug|x64.ActiveCfg = Debug|x64
		{50E3E748-D6ED-4A34-82AE-F203302A928F}.Debug|x64.Build.0 = Debug|x64
		{50E3E748-D6ED-4A34-82AE-F203302A928F}.Debug|x86.ActiveCfg = Debug|Win32
		{50E3E748-D6ED-4A34-82AE-F203302A928F}.Debug|x86.Build.0 = Debug|Win32
		{50E3E748-D6ED-4A34-82AE-F203302A928F}.Release|x64.ActiveCfg = Release|x64
		{50E3E748-D6ED-4A34-82AE-F203302A928F}.Release|x64.Build.0 = Release|x64
		{50E3E748-D6ED-4A34-82AE-F203302A928F}.Release|x86.ActiveCfg = Release|Win32
		{50E3E748-D6ED-4A34-82AE-F203302A928F}.Release|x86.Build.0 = Release|Win32
		{F4EF043E-507B-464D-BC4D-CF882E0F4DFF}.Debug|x64.ActiveCfg = Debug|x64
		{F4EF043E-507B-464D-BC4D-CF882E0F4DFF}.Debug|x64.Build.0 = Debug|x64
		{F4EF043E-507B-464D-BC4D-CF882E0F4DFF}.Debug|x86.ActiveCfg = Debug|Win32
		{F4EF043E-507B-464D-BC4D-CF882E0F4DFF}.Debug|x86.Build.0 = Debug|Win32
		{F4EF043E-507B-464D-BC4D-CF882E0F4DFF}.Release|x64.ActiveCfg = Release|x64
		{F4EF043E-507B-464D-BC4D-CF882E0F4DFF}.Release|x64.Build.0 = Release|x64
		{F4EF043E-507B-464D-BC4D-CF882E0F4DFF}.Release|x86.ActiveCfg = Release|Win32
		{F4EF043E-507B-464D-BC4D-CF882E0F4DFF}.Release|x86.Build.0 = Release|Win32
	EndGlobalSection
	GlobalSection(SolutionProperties) = preSolution
		HideSolutionNode = FALSE
	EndGlobalSection
	GlobalSection(ExtensibilityGlobals) = postSolution
		SolutionGuid = {946A976F-3DA2-4129-902E-597979774893}
	EndGlobalSection
EndGlobal
